// !$*UTF8*$!
{
	archiveVersion = 1;
	classes = {
	};
	objectVersion = 50;
	objects = {

/* Begin PBXBuildFile section */
		5F0B7B6621800584008D28D1 /* resource in Resources */ = {isa = PBXBuildFile; fileRef = 5F0B7B6521800584008D28D1 /* resource */; };
		5F219B3E2191653700D002F9 /* AVFoundationViewController.m in Sources */ = {isa = PBXBuildFile; fileRef = 5F219B3D2191653700D002F9 /* AVFoundationViewController.m */; };
		5F2F5575218EB03B00D9B9B5 /* ImageInputViewController.m in Sources */ = {isa = PBXBuildFile; fileRef = 5F2F5574218EB03B00D9B9B5 /* ImageInputViewController.m */; };
		5F2F5578218EB04F00D9B9B5 /* ImageOutputViewController.m in Sources */ = {isa = PBXBuildFile; fileRef = 5F2F5577218EB04F00D9B9B5 /* ImageOutputViewController.m */; };
		5F2F557B218EB52F00D9B9B5 /* ImageInputTypeViewController.m in Sources */ = {isa = PBXBuildFile; fileRef = 5F2F557A218EB52F00D9B9B5 /* ImageInputTypeViewController.m */; };
		5F2F557E218EB54F00D9B9B5 /* ImageOutputTypeViewController.m in Sources */ = {isa = PBXBuildFile; fileRef = 5F2F557D218EB54F00D9B9B5 /* ImageOutputTypeViewController.m */; };
		5F4DF97021B93DA600DC9FCD /* MetalViewController.m in Sources */ = {isa = PBXBuildFile; fileRef = 5F4DF96F21B93DA600DC9FCD /* MetalViewController.m */; };
		5F4DF97321B93F4C00DC9FCD /* CellData.m in Sources */ = {isa = PBXBuildFile; fileRef = 5F4DF97221B93F4C00DC9FCD /* CellData.m */; };
		5F4DF97821B9426600DC9FCD /* DevicesAndCommandsRenderer.m in Sources */ = {isa = PBXBuildFile; fileRef = 5F4DF97621B9426500DC9FCD /* DevicesAndCommandsRenderer.m */; };
		5F4DF97B21B9428500DC9FCD /* DevicesAndCommandsViewController.m in Sources */ = {isa = PBXBuildFile; fileRef = 5F4DF97921B9428500DC9FCD /* DevicesAndCommandsViewController.m */; };
		5F4DF97D21B944A400DC9FCD /* DevicesAndCommands.storyboard in Resources */ = {isa = PBXBuildFile; fileRef = 5F4DF97C21B944A400DC9FCD /* DevicesAndCommands.storyboard */; };
		5F4DF99321B9620600DC9FCD /* CPUGPUSynchronizationRenderer.m in Sources */ = {isa = PBXBuildFile; fileRef = 5F4DF99021B9620500DC9FCD /* CPUGPUSynchronizationRenderer.m */; };
		5F4DF99421B9620600DC9FCD /* CPUGPUSynchronizationShaders.metal in Sources */ = {isa = PBXBuildFile; fileRef = 5F4DF99121B9620500DC9FCD /* CPUGPUSynchronizationShaders.metal */; };
		5F4DF99721B9620D00DC9FCD /* CPUGPUSynchronizationViewController.m in Sources */ = {isa = PBXBuildFile; fileRef = 5F4DF99521B9620C00DC9FCD /* CPUGPUSynchronizationViewController.m */; };
		5F4DF99F21B9623F00DC9FCD /* CPU-GPUSynchronization.storyboard in Resources */ = {isa = PBXBuildFile; fileRef = 5F4DF99E21B9623F00DC9FCD /* CPU-GPUSynchronization.storyboard */; };
		5FCD5686215A8D4800E26E01 /* AppDelegate.m in Sources */ = {isa = PBXBuildFile; fileRef = 5FCD5685215A8D4800E26E01 /* AppDelegate.m */; };
		5FCD5689215A8D4800E26E01 /* ViewController.m in Sources */ = {isa = PBXBuildFile; fileRef = 5FCD5688215A8D4800E26E01 /* ViewController.m */; };
		5FCD568C215A8D4800E26E01 /* Main.storyboard in Resources */ = {isa = PBXBuildFile; fileRef = 5FCD568A215A8D4800E26E01 /* Main.storyboard */; };
		5FCD568E215A8D4B00E26E01 /* Assets.xcassets in Resources */ = {isa = PBXBuildFile; fileRef = 5FCD568D215A8D4B00E26E01 /* Assets.xcassets */; };
		5FCD5691215A8D4B00E26E01 /* LaunchScreen.storyboard in Resources */ = {isa = PBXBuildFile; fileRef = 5FCD568F215A8D4B00E26E01 /* LaunchScreen.storyboard */; };
		5FCD5694215A8D4B00E26E01 /* main.m in Sources */ = {isa = PBXBuildFile; fileRef = 5FCD5693215A8D4B00E26E01 /* main.m */; };
		5FCD569D215DB37800E26E01 /* ImageIOViewController.m in Sources */ = {isa = PBXBuildFile; fileRef = 5FCD569C215DB37800E26E01 /* ImageIOViewController.m */; };
/* End PBXBuildFile section */

/* Begin PBXFileReference section */
		5F0B7B6521800584008D28D1 /* resource */ = {isa = PBXFileReference; lastKnownFileType = folder; path = resource; sourceTree = "<group>"; };
		5F15B7872198341A00A997D6 /* OpenGL ES Programming Guide - 翻译.md */ = {isa = PBXFileReference; lastKnownFileType = net.daringfireball.markdown; path = "OpenGL ES Programming Guide - 翻译.md"; sourceTree = "<group>"; };
		5F219B3C2191653700D002F9 /* AVFoundationViewController.h */ = {isa = PBXFileReference; lastKnownFileType = sourcecode.c.h; path = AVFoundationViewController.h; sourceTree = "<group>"; };
		5F219B3D2191653700D002F9 /* AVFoundationViewController.m */ = {isa = PBXFileReference; lastKnownFileType = sourcecode.c.objc; path = AVFoundationViewController.m; sourceTree = "<group>"; };
		5F219B3F2191D38300D002F9 /* AVFoundationHeader.h */ = {isa = PBXFileReference; lastKnownFileType = sourcecode.c.h; path = AVFoundationHeader.h; sourceTree = "<group>"; };
		5F219B40219279F900D002F9 /* AVFoundation Programming Guide - 翻译.md */ = {isa = PBXFileReference; lastKnownFileType = net.daringfireball.markdown; path = "AVFoundation Programming Guide - 翻译.md"; sourceTree = "<group>"; };
		5F2F5573218EB03B00D9B9B5 /* ImageInputViewController.h */ = {isa = PBXFileReference; lastKnownFileType = sourcecode.c.h; path = ImageInputViewController.h; sourceTree = "<group>"; };
		5F2F5574218EB03B00D9B9B5 /* ImageInputViewController.m */ = {isa = PBXFileReference; lastKnownFileType = sourcecode.c.objc; path = ImageInputViewController.m; sourceTree = "<group>"; };
		5F2F5576218EB04F00D9B9B5 /* ImageOutputViewController.h */ = {isa = PBXFileReference; lastKnownFileType = sourcecode.c.h; path = ImageOutputViewController.h; sourceTree = "<group>"; };
		5F2F5577218EB04F00D9B9B5 /* ImageOutputViewController.m */ = {isa = PBXFileReference; lastKnownFileType = sourcecode.c.objc; path = ImageOutputViewController.m; sourceTree = "<group>"; };
		5F2F5579218EB52F00D9B9B5 /* ImageInputTypeViewController.h */ = {isa = PBXFileReference; lastKnownFileType = sourcecode.c.h; path = ImageInputTypeViewController.h; sourceTree = "<group>"; };
		5F2F557A218EB52F00D9B9B5 /* ImageInputTypeViewController.m */ = {isa = PBXFileReference; lastKnownFileType = sourcecode.c.objc; path = ImageInputTypeViewController.m; sourceTree = "<group>"; };
		5F2F557C218EB54F00D9B9B5 /* ImageOutputTypeViewController.h */ = {isa = PBXFileReference; lastKnownFileType = sourcecode.c.h; path = ImageOutputTypeViewController.h; sourceTree = "<group>"; };
		5F2F557D218EB54F00D9B9B5 /* ImageOutputTypeViewController.m */ = {isa = PBXFileReference; lastKnownFileType = sourcecode.c.objc; path = ImageOutputTypeViewController.m; sourceTree = "<group>"; };
		5F48E51421AAB77B00318179 /* Metal Best Practices Guide - 翻译.md */ = {isa = PBXFileReference; lastKnownFileType = net.daringfireball.markdown; path = "Metal Best Practices Guide - 翻译.md"; sourceTree = "<group>"; };
		5F48E67E21AE6EF800318179 /* Metal.md */ = {isa = PBXFileReference; lastKnownFileType = net.daringfireball.markdown; path = Metal.md; sourceTree = "<group>"; };
		5F48E68721AED7EC00318179 /* Getting the Default GPU.md */ = {isa = PBXFileReference; lastKnownFileType = net.daringfireball.markdown; path = "Getting the Default GPU.md"; sourceTree = "<group>"; };
		5F48E68921AEDC6900318179 /* MTLDevice.md */ = {isa = PBXFileReference; lastKnownFileType = net.daringfireball.markdown; path = MTLDevice.md; sourceTree = "<group>"; };
		5F48E6CD21AFB38300318179 /* About GPU Family 4.md */ = {isa = PBXFileReference; lastKnownFileType = net.daringfireball.markdown; path = "About GPU Family 4.md"; sourceTree = "<group>"; };
		5F48E6CF21AFB78600318179 /* About Imageblocks.md */ = {isa = PBXFileReference; lastKnownFileType = net.daringfireball.markdown; path = "About Imageblocks.md"; sourceTree = "<group>"; };
		5F48E6D121AFB79600318179 /* About Tile Shading.md */ = {isa = PBXFileReference; lastKnownFileType = net.daringfireball.markdown; path = "About Tile Shading.md"; sourceTree = "<group>"; };
		5F48E6D321AFB7A900318179 /* About Raster Order Groups.md */ = {isa = PBXFileReference; lastKnownFileType = net.daringfireball.markdown; path = "About Raster Order Groups.md"; sourceTree = "<group>"; };
		5F48E6D521AFB7BA00318179 /* About Enhanced MSAA and Imageblock Sample Coverage Control.md */ = {isa = PBXFileReference; lastKnownFileType = net.daringfireball.markdown; path = "About Enhanced MSAA and Imageblock Sample Coverage Control.md"; sourceTree = "<group>"; };
		5F4DF96A21B80B6A00DC9FCD /* Setting Up a Command Structure.md */ = {isa = PBXFileReference; lastKnownFileType = net.daringfireball.markdown; path = "Setting Up a Command Structure.md"; sourceTree = "<group>"; };
		5F4DF96C21B8C8AE00DC9FCD /* Devices and Commands.md */ = {isa = PBXFileReference; lastKnownFileType = net.daringfireball.markdown; path = "Devices and Commands.md"; sourceTree = "<group>"; };
		5F4DF96D21B93B5700DC9FCD /* Labeling Metal Objects and Commands.md */ = {isa = PBXFileReference; lastKnownFileType = net.daringfireball.markdown; path = "Labeling Metal Objects and Commands.md"; sourceTree = "<group>"; };
		5F4DF96E21B93DA600DC9FCD /* MetalViewController.h */ = {isa = PBXFileReference; lastKnownFileType = sourcecode.c.h; path = MetalViewController.h; sourceTree = "<group>"; };
		5F4DF96F21B93DA600DC9FCD /* MetalViewController.m */ = {isa = PBXFileReference; lastKnownFileType = sourcecode.c.objc; path = MetalViewController.m; sourceTree = "<group>"; };
		5F4DF97121B93F4C00DC9FCD /* CellData.h */ = {isa = PBXFileReference; lastKnownFileType = sourcecode.c.h; path = CellData.h; sourceTree = "<group>"; };
		5F4DF97221B93F4C00DC9FCD /* CellData.m */ = {isa = PBXFileReference; lastKnownFileType = sourcecode.c.objc; path = CellData.m; sourceTree = "<group>"; };
		5F4DF97621B9426500DC9FCD /* DevicesAndCommandsRenderer.m */ = {isa = PBXFileReference; fileEncoding = 4; lastKnownFileType = sourcecode.c.objc; path = DevicesAndCommandsRenderer.m; sourceTree = "<group>"; };
		5F4DF97721B9426600DC9FCD /* DevicesAndCommandsRenderer.h */ = {isa = PBXFileReference; fileEncoding = 4; lastKnownFileType = sourcecode.c.h; path = DevicesAndCommandsRenderer.h; sourceTree = "<group>"; };
		5F4DF97921B9428500DC9FCD /* DevicesAndCommandsViewController.m */ = {isa = PBXFileReference; fileEncoding = 4; lastKnownFileType = sourcecode.c.objc; path = DevicesAndCommandsViewController.m; sourceTree = "<group>"; };
		5F4DF97A21B9428500DC9FCD /* DevicesAndCommandsViewController.h */ = {isa = PBXFileReference; fileEncoding = 4; lastKnownFileType = sourcecode.c.h; path = DevicesAndCommandsViewController.h; sourceTree = "<group>"; };
		5F4DF97C21B944A400DC9FCD /* DevicesAndCommands.storyboard */ = {isa = PBXFileReference; fileEncoding = 4; lastKnownFileType = file.storyboard; path = DevicesAndCommands.storyboard; sourceTree = "<group>"; };
		5F4DF97F21B9457800DC9FCD /* MetalKit.framework */ = {isa = PBXFileReference; lastKnownFileType = wrapper.framework; name = MetalKit.framework; path = System/Library/Frameworks/MetalKit.framework; sourceTree = SDKROOT; };
		5F4DF98121B9542900DC9FCD /* Advanced Command Setup.md */ = {isa = PBXFileReference; lastKnownFileType = net.daringfireball.markdown; path = "Advanced Command Setup.md"; sourceTree = "<group>"; };
		5F4DF98221B955C800DC9FCD /* CPU and GPU Synchronization.md */ = {isa = PBXFileReference; lastKnownFileType = net.daringfireball.markdown; path = "CPU and GPU Synchronization.md"; sourceTree = "<group>"; };
		5F4DF98F21B9620400DC9FCD /* CPUGPUSynchronizationShaderTypes.h */ = {isa = PBXFileReference; fileEncoding = 4; lastKnownFileType = sourcecode.c.h; path = CPUGPUSynchronizationShaderTypes.h; sourceTree = "<group>"; };
		5F4DF99021B9620500DC9FCD /* CPUGPUSynchronizationRenderer.m */ = {isa = PBXFileReference; fileEncoding = 4; lastKnownFileType = sourcecode.c.objc; path = CPUGPUSynchronizationRenderer.m; sourceTree = "<group>"; };
		5F4DF99121B9620500DC9FCD /* CPUGPUSynchronizationShaders.metal */ = {isa = PBXFileReference; fileEncoding = 4; lastKnownFileType = sourcecode.metal; path = CPUGPUSynchronizationShaders.metal; sourceTree = "<group>"; };
		5F4DF99221B9620600DC9FCD /* CPUGPUSynchronizationRenderer.h */ = {isa = PBXFileReference; fileEncoding = 4; lastKnownFileType = sourcecode.c.h; path = CPUGPUSynchronizationRenderer.h; sourceTree = "<group>"; };
		5F4DF99521B9620C00DC9FCD /* CPUGPUSynchronizationViewController.m */ = {isa = PBXFileReference; fileEncoding = 4; lastKnownFileType = sourcecode.c.objc; path = CPUGPUSynchronizationViewController.m; sourceTree = "<group>"; };
		5F4DF99621B9620D00DC9FCD /* CPUGPUSynchronizationViewController.h */ = {isa = PBXFileReference; fileEncoding = 4; lastKnownFileType = sourcecode.c.h; path = CPUGPUSynchronizationViewController.h; sourceTree = "<group>"; };
		5F4DF99E21B9623F00DC9FCD /* CPU-GPUSynchronization.storyboard */ = {isa = PBXFileReference; fileEncoding = 4; lastKnownFileType = file.storyboard; path = "CPU-GPUSynchronization.storyboard"; sourceTree = "<group>"; };
		5F5B156F219FBB83004EE6BF /* Metal Programming Guide - 翻译.md */ = {isa = PBXFileReference; lastKnownFileType = net.daringfireball.markdown; path = "Metal Programming Guide - 翻译.md"; sourceTree = "<group>"; };
		5FA79EBC219324AA002397EB /* Image IO Programming Guide - 翻译.md */ = {isa = PBXFileReference; lastKnownFileType = net.daringfireball.markdown; path = "Image IO Programming Guide - 翻译.md"; sourceTree = "<group>"; };
		5FCD5681215A8D4800E26E01 /* iOSSystemLibStudy.app */ = {isa = PBXFileReference; explicitFileType = wrapper.application; includeInIndex = 0; path = iOSSystemLibStudy.app; sourceTree = BUILT_PRODUCTS_DIR; };
		5FCD5684215A8D4800E26E01 /* AppDelegate.h */ = {isa = PBXFileReference; lastKnownFileType = sourcecode.c.h; path = AppDelegate.h; sourceTree = "<group>"; };
		5FCD5685215A8D4800E26E01 /* AppDelegate.m */ = {isa = PBXFileReference; lastKnownFileType = sourcecode.c.objc; path = AppDelegate.m; sourceTree = "<group>"; };
		5FCD5687215A8D4800E26E01 /* ViewController.h */ = {isa = PBXFileReference; lastKnownFileType = sourcecode.c.h; path = ViewController.h; sourceTree = "<group>"; };
		5FCD5688215A8D4800E26E01 /* ViewController.m */ = {isa = PBXFileReference; lastKnownFileType = sourcecode.c.objc; path = ViewController.m; sourceTree = "<group>"; };
		5FCD568B215A8D4800E26E01 /* Base */ = {isa = PBXFileReference; lastKnownFileType = file.storyboard; name = Base; path = Base.lproj/Main.storyboard; sourceTree = "<group>"; };
		5FCD568D215A8D4B00E26E01 /* Assets.xcassets */ = {isa = PBXFileReference; lastKnownFileType = folder.assetcatalog; path = Assets.xcassets; sourceTree = "<group>"; };
		5FCD5690215A8D4B00E26E01 /* Base */ = {isa = PBXFileReference; lastKnownFileType = file.storyboard; name = Base; path = Base.lproj/LaunchScreen.storyboard; sourceTree = "<group>"; };
		5FCD5692215A8D4B00E26E01 /* Info.plist */ = {isa = PBXFileReference; lastKnownFileType = text.plist.xml; path = Info.plist; sourceTree = "<group>"; };
		5FCD5693215A8D4B00E26E01 /* main.m */ = {isa = PBXFileReference; lastKnownFileType = sourcecode.c.objc; path = main.m; sourceTree = "<group>"; };
		5FCD569B215DB37800E26E01 /* ImageIOViewController.h */ = {isa = PBXFileReference; lastKnownFileType = sourcecode.c.h; path = ImageIOViewController.h; sourceTree = "<group>"; };
		5FCD569C215DB37800E26E01 /* ImageIOViewController.m */ = {isa = PBXFileReference; lastKnownFileType = sourcecode.c.objc; path = ImageIOViewController.m; sourceTree = "<group>"; };
		5FCD569E215DB6E600E26E01 /* ImageIOHeader.h */ = {isa = PBXFileReference; lastKnownFileType = sourcecode.c.h; path = ImageIOHeader.h; sourceTree = "<group>"; };
/* End PBXFileReference section */

/* Begin PBXFrameworksBuildPhase section */
		5FCD567E215A8D4800E26E01 /* Frameworks */ = {
			isa = PBXFrameworksBuildPhase;
			buildActionMask = 2147483647;
			files = (
			);
			runOnlyForDeploymentPostprocessing = 0;
		};
/* End PBXFrameworksBuildPhase section */

/* Begin PBXGroup section */
		5F15B786219833DB00A997D6 /* OpenGLES */ = {
			isa = PBXGroup;
			children = (
				5F15B7872198341A00A997D6 /* OpenGL ES Programming Guide - 翻译.md */,
			);
			path = OpenGLES;
			sourceTree = "<group>";
		};
		5F219B3B219164AA00D002F9 /* AVFoundation */ = {
			isa = PBXGroup;
			children = (
				5F219B3C2191653700D002F9 /* AVFoundationViewController.h */,
				5F219B3D2191653700D002F9 /* AVFoundationViewController.m */,
				5F219B3F2191D38300D002F9 /* AVFoundationHeader.h */,
				5F219B40219279F900D002F9 /* AVFoundation Programming Guide - 翻译.md */,
			);
			path = AVFoundation;
			sourceTree = "<group>";
		};
		5F48E67D21AE65AE00318179 /* Documentation */ = {
			isa = PBXGroup;
			children = (
				5F4DF97421B9410000DC9FCD /* Sample */,
				5F48E67E21AE6EF800318179 /* Metal.md */,
				5F48E68721AED7EC00318179 /* Getting the Default GPU.md */,
				5F48E68921AEDC6900318179 /* MTLDevice.md */,
				5F48E6CD21AFB38300318179 /* About GPU Family 4.md */,
				5F48E6CF21AFB78600318179 /* About Imageblocks.md */,
				5F48E6D121AFB79600318179 /* About Tile Shading.md */,
				5F48E6D321AFB7A900318179 /* About Raster Order Groups.md */,
				5F48E6D521AFB7BA00318179 /* About Enhanced MSAA and Imageblock Sample Coverage Control.md */,
				5F4DF96A21B80B6A00DC9FCD /* Setting Up a Command Structure.md */,
				5F4DF96C21B8C8AE00DC9FCD /* Devices and Commands.md */,
				5F4DF96D21B93B5700DC9FCD /* Labeling Metal Objects and Commands.md */,
				5F4DF98121B9542900DC9FCD /* Advanced Command Setup.md */,
				5F4DF98221B955C800DC9FCD /* CPU and GPU Synchronization.md */,
			);
			path = Documentation;
			sourceTree = "<group>";
		};
		5F4DF97421B9410000DC9FCD /* Sample */ = {
			isa = PBXGroup;
			children = (
				5F4DF98321B95F8100DC9FCD /* CPU-GPUSynchronization */,
				5F4DF97521B9421A00DC9FCD /* DevicesAndCommands */,
			);
			path = Sample;
			sourceTree = "<group>";
		};
		5F4DF97521B9421A00DC9FCD /* DevicesAndCommands */ = {
			isa = PBXGroup;
			children = (
				5F4DF97C21B944A400DC9FCD /* DevicesAndCommands.storyboard */,
				5F4DF97A21B9428500DC9FCD /* DevicesAndCommandsViewController.h */,
				5F4DF97921B9428500DC9FCD /* DevicesAndCommandsViewController.m */,
				5F4DF97721B9426600DC9FCD /* DevicesAndCommandsRenderer.h */,
				5F4DF97621B9426500DC9FCD /* DevicesAndCommandsRenderer.m */,
			);
			path = DevicesAndCommands;
			sourceTree = "<group>";
		};
		5F4DF97E21B9457700DC9FCD /* Frameworks */ = {
			isa = PBXGroup;
			children = (
				5F4DF97F21B9457800DC9FCD /* MetalKit.framework */,
			);
			name = Frameworks;
			sourceTree = "<group>";
		};
		5F4DF98321B95F8100DC9FCD /* CPU-GPUSynchronization */ = {
			isa = PBXGroup;
			children = (
				5F4DF99E21B9623F00DC9FCD /* CPU-GPUSynchronization.storyboard */,
				5F4DF99621B9620D00DC9FCD /* CPUGPUSynchronizationViewController.h */,
				5F4DF99521B9620C00DC9FCD /* CPUGPUSynchronizationViewController.m */,
				5F4DF99221B9620600DC9FCD /* CPUGPUSynchronizationRenderer.h */,
				5F4DF99021B9620500DC9FCD /* CPUGPUSynchronizationRenderer.m */,
				5F4DF99121B9620500DC9FCD /* CPUGPUSynchronizationShaders.metal */,
				5F4DF98F21B9620400DC9FCD /* CPUGPUSynchronizationShaderTypes.h */,
			);
			path = "CPU-GPUSynchronization";
			sourceTree = "<group>";
		};
		5F5B156E219FB5D2004EE6BF /* Metal */ = {
			isa = PBXGroup;
			children = (
				5F48E67D21AE65AE00318179 /* Documentation */,
				5F5B156F219FBB83004EE6BF /* Metal Programming Guide - 翻译.md */,
				5F48E51421AAB77B00318179 /* Metal Best Practices Guide - 翻译.md */,
				5F4DF96E21B93DA600DC9FCD /* MetalViewController.h */,
				5F4DF96F21B93DA600DC9FCD /* MetalViewController.m */,
			);
			path = Metal;
			sourceTree = "<group>";
		};
		5FCD5678215A8D4800E26E01 = {
			isa = PBXGroup;
			children = (
				5F0B7B6521800584008D28D1 /* resource */,
				5FCD5683215A8D4800E26E01 /* iOSSystemLibStudy */,
				5FCD5682215A8D4800E26E01 /* Products */,
				5F4DF97E21B9457700DC9FCD /* Frameworks */,
			);
			sourceTree = "<group>";
		};
		5FCD5682215A8D4800E26E01 /* Products */ = {
			isa = PBXGroup;
			children = (
				5FCD5681215A8D4800E26E01 /* iOSSystemLibStudy.app */,
			);
			name = Products;
			sourceTree = "<group>";
		};
		5FCD5683215A8D4800E26E01 /* iOSSystemLibStudy */ = {
			isa = PBXGroup;
			children = (
				5F5B156E219FB5D2004EE6BF /* Metal */,
				5F15B786219833DB00A997D6 /* OpenGLES */,
				5F219B3B219164AA00D002F9 /* AVFoundation */,
				5FCD569A215DAD0500E26E01 /* ImageIO */,
				5FCD5684215A8D4800E26E01 /* AppDelegate.h */,
				5FCD5685215A8D4800E26E01 /* AppDelegate.m */,
				5FCD5687215A8D4800E26E01 /* ViewController.h */,
				5FCD5688215A8D4800E26E01 /* ViewController.m */,
				5FCD568A215A8D4800E26E01 /* Main.storyboard */,
				5FCD568D215A8D4B00E26E01 /* Assets.xcassets */,
				5FCD568F215A8D4B00E26E01 /* LaunchScreen.storyboard */,
				5FCD5692215A8D4B00E26E01 /* Info.plist */,
				5FCD5693215A8D4B00E26E01 /* main.m */,
				5F4DF97121B93F4C00DC9FCD /* CellData.h */,
				5F4DF97221B93F4C00DC9FCD /* CellData.m */,
			);
			path = iOSSystemLibStudy;
			sourceTree = "<group>";
		};
		5FCD569A215DAD0500E26E01 /* ImageIO */ = {
			isa = PBXGroup;
			children = (
				5FCD569B215DB37800E26E01 /* ImageIOViewController.h */,
				5FCD569C215DB37800E26E01 /* ImageIOViewController.m */,
				5FCD569E215DB6E600E26E01 /* ImageIOHeader.h */,
				5F2F5573218EB03B00D9B9B5 /* ImageInputViewController.h */,
				5F2F5574218EB03B00D9B9B5 /* ImageInputViewController.m */,
				5F2F5576218EB04F00D9B9B5 /* ImageOutputViewController.h */,
				5F2F5577218EB04F00D9B9B5 /* ImageOutputViewController.m */,
				5F2F5579218EB52F00D9B9B5 /* ImageInputTypeViewController.h */,
				5F2F557A218EB52F00D9B9B5 /* ImageInputTypeViewController.m */,
				5F2F557C218EB54F00D9B9B5 /* ImageOutputTypeViewController.h */,
				5F2F557D218EB54F00D9B9B5 /* ImageOutputTypeViewController.m */,
				5FA79EBC219324AA002397EB /* Image IO Programming Guide - 翻译.md */,
			);
			path = ImageIO;
			sourceTree = "<group>";
		};
/* End PBXGroup section */

/* Begin PBXNativeTarget section */
		5FCD5680215A8D4800E26E01 /* iOSSystemLibStudy */ = {
			isa = PBXNativeTarget;
			buildConfigurationList = 5FCD5697215A8D4B00E26E01 /* Build configuration list for PBXNativeTarget "iOSSystemLibStudy" */;
			buildPhases = (
				5FCD567D215A8D4800E26E01 /* Sources */,
				5FCD567E215A8D4800E26E01 /* Frameworks */,
				5FCD567F215A8D4800E26E01 /* Resources */,
			);
			buildRules = (
			);
			dependencies = (
			);
			name = iOSSystemLibStudy;
			productName = iOSSystemLibStudy;
			productReference = 5FCD5681215A8D4800E26E01 /* iOSSystemLibStudy.app */;
			productType = "com.apple.product-type.application";
		};
/* End PBXNativeTarget section */

/* Begin PBXProject section */
		5FCD5679215A8D4800E26E01 /* Project object */ = {
			isa = PBXProject;
			attributes = {
				LastUpgradeCheck = 0930;
				ORGANIZATIONNAME = looperwang;
				TargetAttributes = {
					5FCD5680215A8D4800E26E01 = {
						CreatedOnToolsVersion = 9.3.1;
					};
				};
			};
			buildConfigurationList = 5FCD567C215A8D4800E26E01 /* Build configuration list for PBXProject "iOSSystemLibStudy" */;
			compatibilityVersion = "Xcode 9.3";
			developmentRegion = en;
			hasScannedForEncodings = 0;
			knownRegions = (
				en,
				Base,
			);
			mainGroup = 5FCD5678215A8D4800E26E01;
			productRefGroup = 5FCD5682215A8D4800E26E01 /* Products */;
			projectDirPath = "";
			projectRoot = "";
			targets = (
				5FCD5680215A8D4800E26E01 /* iOSSystemLibStudy */,
			);
		};
/* End PBXProject section */

/* Begin PBXResourcesBuildPhase section */
		5FCD567F215A8D4800E26E01 /* Resources */ = {
			isa = PBXResourcesBuildPhase;
			buildActionMask = 2147483647;
			files = (
				5F0B7B6621800584008D28D1 /* resource in Resources */,
				5FCD5691215A8D4B00E26E01 /* LaunchScreen.storyboard in Resources */,
				5F4DF97D21B944A400DC9FCD /* DevicesAndCommands.storyboard in Resources */,
				5F4DF99F21B9623F00DC9FCD /* CPU-GPUSynchronization.storyboard in Resources */,
				5FCD568E215A8D4B00E26E01 /* Assets.xcassets in Resources */,
				5FCD568C215A8D4800E26E01 /* Main.storyboard in Resources */,
			);
			runOnlyForDeploymentPostprocessing = 0;
		};
/* End PBXResourcesBuildPhase section */

/* Begin PBXSourcesBuildPhase section */
		5FCD567D215A8D4800E26E01 /* Sources */ = {
			isa = PBXSourcesBuildPhase;
			buildActionMask = 2147483647;
			files = (
				5FCD569D215DB37800E26E01 /* ImageIOViewController.m in Sources */,
				5F4DF97B21B9428500DC9FCD /* DevicesAndCommandsViewController.m in Sources */,
				5FCD5689215A8D4800E26E01 /* ViewController.m in Sources */,
				5F4DF99421B9620600DC9FCD /* CPUGPUSynchronizationShaders.metal in Sources */,
				5FCD5694215A8D4B00E26E01 /* main.m in Sources */,
				5F2F5575218EB03B00D9B9B5 /* ImageInputViewController.m in Sources */,
				5F219B3E2191653700D002F9 /* AVFoundationViewController.m in Sources */,
				5F4DF99321B9620600DC9FCD /* CPUGPUSynchronizationRenderer.m in Sources */,
				5FCD5686215A8D4800E26E01 /* AppDelegate.m in Sources */,
				5F4DF97821B9426600DC9FCD /* DevicesAndCommandsRenderer.m in Sources */,
				5F2F557B218EB52F00D9B9B5 /* ImageInputTypeViewController.m in Sources */,
				5F2F557E218EB54F00D9B9B5 /* ImageOutputTypeViewController.m in Sources */,
				5F4DF99721B9620D00DC9FCD /* CPUGPUSynchronizationViewController.m in Sources */,
				5F4DF97321B93F4C00DC9FCD /* CellData.m in Sources */,
				5F4DF97021B93DA600DC9FCD /* MetalViewController.m in Sources */,
				5F2F5578218EB04F00D9B9B5 /* ImageOutputViewController.m in Sources */,
			);
			runOnlyForDeploymentPostprocessing = 0;
		};
/* End PBXSourcesBuildPhase section */

/* Begin PBXVariantGroup section */
		5FCD568A215A8D4800E26E01 /* Main.storyboard */ = {
			isa = PBXVariantGroup;
			children = (
				5FCD568B215A8D4800E26E01 /* Base */,
			);
			name = Main.storyboard;
			sourceTree = "<group>";
		};
		5FCD568F215A8D4B00E26E01 /* LaunchScreen.storyboard */ = {
			isa = PBXVariantGroup;
			children = (
				5FCD5690215A8D4B00E26E01 /* Base */,
			);
			name = LaunchScreen.storyboard;
			sourceTree = "<group>";
		};
/* End PBXVariantGroup section */

/* Begin XCBuildConfiguration section */
		5FCD5695215A8D4B00E26E01 /* Debug */ = {
			isa = XCBuildConfiguration;
			buildSettings = {
				ALWAYS_SEARCH_USER_PATHS = NO;
				CLANG_ANALYZER_NONNULL = YES;
				CLANG_ANALYZER_NUMBER_OBJECT_CONVERSION = YES_AGGRESSIVE;
				CLANG_CXX_LANGUAGE_STANDARD = "gnu++14";
				CLANG_CXX_LIBRARY = "libc++";
				CLANG_ENABLE_MODULES = YES;
				CLANG_ENABLE_OBJC_ARC = YES;
				CLANG_ENABLE_OBJC_WEAK = YES;
				CLANG_WARN_BLOCK_CAPTURE_AUTORELEASING = YES;
				CLANG_WARN_BOOL_CONVERSION = YES;
				CLANG_WARN_COMMA = YES;
				CLANG_WARN_CONSTANT_CONVERSION = YES;
				CLANG_WARN_DEPRECATED_OBJC_IMPLEMENTATIONS = YES;
				CLANG_WARN_DIRECT_OBJC_ISA_USAGE = YES_ERROR;
				CLANG_WARN_DOCUMENTATION_COMMENTS = YES;
				CLANG_WARN_EMPTY_BODY = YES;
				CLANG_WARN_ENUM_CONVERSION = YES;
				CLANG_WARN_INFINITE_RECURSION = YES;
				CLANG_WARN_INT_CONVERSION = YES;
				CLANG_WARN_NON_LITERAL_NULL_CONVERSION = YES;
				CLANG_WARN_OBJC_IMPLICIT_RETAIN_SELF = YES;
				CLANG_WARN_OBJC_LITERAL_CONVERSION = YES;
				CLANG_WARN_OBJC_ROOT_CLASS = YES_ERROR;
				CLANG_WARN_RANGE_LOOP_ANALYSIS = YES;
				CLANG_WARN_STRICT_PROTOTYPES = YES;
				CLANG_WARN_SUSPICIOUS_MOVE = YES;
				CLANG_WARN_UNGUARDED_AVAILABILITY = YES_AGGRESSIVE;
				CLANG_WARN_UNREACHABLE_CODE = YES;
				CLANG_WARN__DUPLICATE_METHOD_MATCH = YES;
				CODE_SIGN_IDENTITY = "iPhone Developer";
				COPY_PHASE_STRIP = NO;
				DEBUG_INFORMATION_FORMAT = dwarf;
				ENABLE_STRICT_OBJC_MSGSEND = YES;
				ENABLE_TESTABILITY = YES;
				GCC_C_LANGUAGE_STANDARD = gnu11;
				GCC_DYNAMIC_NO_PIC = NO;
				GCC_NO_COMMON_BLOCKS = YES;
				GCC_OPTIMIZATION_LEVEL = 0;
				GCC_PREPROCESSOR_DEFINITIONS = (
					"DEBUG=1",
					"$(inherited)",
				);
				GCC_WARN_64_TO_32_BIT_CONVERSION = YES;
				GCC_WARN_ABOUT_RETURN_TYPE = YES_ERROR;
				GCC_WARN_UNDECLARED_SELECTOR = YES;
				GCC_WARN_UNINITIALIZED_AUTOS = YES_AGGRESSIVE;
				GCC_WARN_UNUSED_FUNCTION = YES;
				GCC_WARN_UNUSED_VARIABLE = YES;
				IPHONEOS_DEPLOYMENT_TARGET = 11.3;
				MTL_ENABLE_DEBUG_INFO = YES;
				ONLY_ACTIVE_ARCH = YES;
				SDKROOT = iphoneos;
			};
			name = Debug;
		};
		5FCD5696215A8D4B00E26E01 /* Release */ = {
			isa = XCBuildConfiguration;
			buildSettings = {
				ALWAYS_SEARCH_USER_PATHS = NO;
				CLANG_ANALYZER_NONNULL = YES;
				CLANG_ANALYZER_NUMBER_OBJECT_CONVERSION = YES_AGGRESSIVE;
				CLANG_CXX_LANGUAGE_STANDARD = "gnu++14";
				CLANG_CXX_LIBRARY = "libc++";
				CLANG_ENABLE_MODULES = YES;
				CLANG_ENABLE_OBJC_ARC = YES;
				CLANG_ENABLE_OBJC_WEAK = YES;
				CLANG_WARN_BLOCK_CAPTURE_AUTORELEASING = YES;
				CLANG_WARN_BOOL_CONVERSION = YES;
				CLANG_WARN_COMMA = YES;
				CLANG_WARN_CONSTANT_CONVERSION = YES;
				CLANG_WARN_DEPRECATED_OBJC_IMPLEMENTATIONS = YES;
				CLANG_WARN_DIRECT_OBJC_ISA_USAGE = YES_ERROR;
				CLANG_WARN_DOCUMENTATION_COMMENTS = YES;
				CLANG_WARN_EMPTY_BODY = YES;
				CLANG_WARN_ENUM_CONVERSION = YES;
				CLANG_WARN_INFINITE_RECURSION = YES;
				CLANG_WARN_INT_CONVERSION = YES;
				CLANG_WARN_NON_LITERAL_NULL_CONVERSION = YES;
				CLANG_WARN_OBJC_IMPLICIT_RETAIN_SELF = YES;
				CLANG_WARN_OBJC_LITERAL_CONVERSION = YES;
				CLANG_WARN_OBJC_ROOT_CLASS = YES_ERROR;
				CLANG_WARN_RANGE_LOOP_ANALYSIS = YES;
				CLANG_WARN_STRICT_PROTOTYPES = YES;
				CLANG_WARN_SUSPICIOUS_MOVE = YES;
				CLANG_WARN_UNGUARDED_AVAILABILITY = YES_AGGRESSIVE;
				CLANG_WARN_UNREACHABLE_CODE = YES;
				CLANG_WARN__DUPLICATE_METHOD_MATCH = YES;
				CODE_SIGN_IDENTITY = "iPhone Developer";
				COPY_PHASE_STRIP = NO;
				DEBUG_INFORMATION_FORMAT = "dwarf-with-dsym";
				ENABLE_NS_ASSERTIONS = NO;
				ENABLE_STRICT_OBJC_MSGSEND = YES;
				GCC_C_LANGUAGE_STANDARD = gnu11;
				GCC_NO_COMMON_BLOCKS = YES;
				GCC_WARN_64_TO_32_BIT_CONVERSION = YES;
				GCC_WARN_ABOUT_RETURN_TYPE = YES_ERROR;
				GCC_WARN_UNDECLARED_SELECTOR = YES;
				GCC_WARN_UNINITIALIZED_AUTOS = YES_AGGRESSIVE;
				GCC_WARN_UNUSED_FUNCTION = YES;
				GCC_WARN_UNUSED_VARIABLE = YES;
				IPHONEOS_DEPLOYMENT_TARGET = 11.3;
				MTL_ENABLE_DEBUG_INFO = NO;
				SDKROOT = iphoneos;
				VALIDATE_PRODUCT = YES;
			};
			name = Release;
		};
		5FCD5698215A8D4B00E26E01 /* Debug */ = {
			isa = XCBuildConfiguration;
			buildSettings = {
				ASSETCATALOG_COMPILER_APPICON_NAME = AppIcon;
				CODE_SIGN_STYLE = Automatic;
				INFOPLIST_FILE = iOSSystemLibStudy/Info.plist;
				LD_RUNPATH_SEARCH_PATHS = (
					"$(inherited)",
					"@executable_path/Frameworks",
				);
				PRODUCT_BUNDLE_IDENTIFIER = looperwang.iOSSystemLibStudy;
				PRODUCT_NAME = "$(TARGET_NAME)";
				TARGETED_DEVICE_FAMILY = "1,2";
			};
			name = Debug;
		};
		5FCD5699215A8D4B00E26E01 /* Release */ = {
			isa = XCBuildConfiguration;
			buildSettings = {
				ASSETCATALOG_COMPILER_APPICON_NAME = AppIcon;
				CODE_SIGN_STYLE = Automatic;
				INFOPLIST_FILE = iOSSystemLibStudy/Info.plist;
				LD_RUNPATH_SEARCH_PATHS = (
					"$(inherited)",
					"@executable_path/Frameworks",
				);
				PRODUCT_BUNDLE_IDENTIFIER = looperwang.iOSSystemLibStudy;
				PRODUCT_NAME = "$(TARGET_NAME)";
				TARGETED_DEVICE_FAMILY = "1,2";
			};
			name = Release;
		};
/* End XCBuildConfiguration section */

/* Begin XCConfigurationList section */
		5FCD567C215A8D4800E26E01 /* Build configuration list for PBXProject "iOSSystemLibStudy" */ = {
			isa = XCConfigurationList;
			buildConfigurations = (
				5FCD5695215A8D4B00E26E01 /* Debug */,
				5FCD5696215A8D4B00E26E01 /* Release */,
			);
			defaultConfigurationIsVisible = 0;
			defaultConfigurationName = Release;
		};
		5FCD5697215A8D4B00E26E01 /* Build configuration list for PBXNativeTarget "iOSSystemLibStudy" */ = {
			isa = XCConfigurationList;
			buildConfigurations = (
				5FCD5698215A8D4B00E26E01 /* Debug */,
				5FCD5699215A8D4B00E26E01 /* Release */,
			);
			defaultConfigurationIsVisible = 0;
			defaultConfigurationName = Release;
		};
/* End XCConfigurationList section */
	};
	rootObject = 5FCD5679215A8D4800E26E01 /* Project object */;
}
